
Microsoft Visual Studio Solution File, Format Version 12.00
# Visual Studio Version 17
VisualStudioVersion = 17.14.36717.8 d17.14
MinimumVisualStudioVersion = 10.0.40219.1
Project("{FAE04EC0-301F-11D3-BF4B-00C04F79EFBC}") = "PDVMercado", "PDVMercado\PDVMercado.csproj", "{4CDA0B67-C54C-4226-B1E0-086194E15133}"
EndProject
Global
	GlobalSection(SolutionConfigurationPlatforms) = preSolution
		Debug|Any CPU = Debug|Any CPU
		Release|Any CPU = Release|Any CPU
	EndGlobalSection
	GlobalSection(ProjectConfigurationPlatforms) = postSolution
		{4CDA0B67-C54C-4226-B1E0-086194E15133}.Debug|Any CPU.ActiveCfg = Debug|Any CPU
		{4CDA0B67-C54C-4226-B1E0-086194E15133}.Debug|Any CPU.Build.0 = Debug|Any CPU
		{4CDA0B67-C54C-4226-B1E0-086194E15133}.Release|Any CPU.ActiveCfg = Release|Any CPU
		{4CDA0B67-C54C-4226-B1E0-086194E15133}.Release|Any CPU.Build.0 = Release|Any CPU
	EndGlobalSection
	GlobalSection(SolutionProperties) = preSolution
		HideSolutionNode = FALSE
	EndGlobalSection
	GlobalSection(ExtensibilityGlobals) = postSolution
		SolutionGuid = {7FD5F9BD-686C-442F-B486-145D8B12E167}
	EndGlobalSection
EndGlobal
